
Microsoft Visual Studio Solution File, Format Version 12.00
# Visual Studio Version 17
VisualStudioVersion = 17.12.35527.113 d17.12
MinimumVisualStudioVersion = 10.0.40219.1
Project("{FAE04EC0-301F-11D3-BF4B-00C04F79EFBC}") = "Lestecon.Sequencing.Abstraction", "Lestecon.Sequencing.Abstraction.csproj", "{836521FF-8011-4886-8B2E-3570690C7E33}"
EndProject
Project("{2150E333-8FDC-42A3-9474-1A3956D46DE8}") = "SolutionItems", "SolutionItems", "{AA3460D1-2E37-4F37-B74B-BDBB8A1ED92D}"
	ProjectSection(SolutionItems) = preProject
		..\.editorconfig = ..\.editorconfig
		..\Directory.Build.props = ..\Directory.Build.props
	EndProjectSection
EndProject
Global
	GlobalSection(SolutionConfigurationPlatforms) = preSolution
		Debug|Any CPU = Debug|Any CPU
		Release|Any CPU = Release|Any CPU
	EndGlobalSection
	GlobalSection(ProjectConfigurationPlatforms) = postSolution
		{836521FF-8011-4886-8B2E-3570690C7E33}.Debug|Any CPU.ActiveCfg = Debug|Any CPU
		{836521FF-8011-4886-8B2E-3570690C7E33}.Debug|Any CPU.Build.0 = Debug|Any CPU
		{836521FF-8011-4886-8B2E-3570690C7E33}.Release|Any CPU.ActiveCfg = Release|Any CPU
		{836521FF-8011-4886-8B2E-3570690C7E33}.Release|Any CPU.Build.0 = Release|Any CPU
	EndGlobalSection
	GlobalSection(SolutionProperties) = preSolution
		HideSolutionNode = FALSE
	EndGlobalSection
EndGlobal
