
Microsoft Visual Studio Solution File, Format Version 12.00
# Visual Studio Version 17
VisualStudioVersion = 17.12.35527.113 d17.12
MinimumVisualStudioVersion = 10.0.40219.1
Project("{FAE04EC0-301F-11D3-BF4B-00C04F79EFBC}") = "Lestecon.Sequencing", "Lestecon.Sequencing.csproj", "{831859E8-BB5F-4319-9954-0F9122D9E566}"
EndProject
Project("{2150E333-8FDC-42A3-9474-1A3956D46DE8}") = "SolutionItems", "SolutionItems", "{AE189155-D7F8-4CA0-B047-6B24ABD1BEAF}"
	ProjectSection(SolutionItems) = preProject
		..\.editorconfig = ..\.editorconfig
		..\Directory.Build.props = ..\Directory.Build.props
	EndProjectSection
EndProject
Global
	GlobalSection(SolutionConfigurationPlatforms) = preSolution
		Debug|Any CPU = Debug|Any CPU
		Release|Any CPU = Release|Any CPU
	EndGlobalSection
	GlobalSection(ProjectConfigurationPlatforms) = postSolution
		{831859E8-BB5F-4319-9954-0F9122D9E566}.Debug|Any CPU.ActiveCfg = Debug|Any CPU
		{831859E8-BB5F-4319-9954-0F9122D9E566}.Debug|Any CPU.Build.0 = Debug|Any CPU
		{831859E8-BB5F-4319-9954-0F9122D9E566}.Release|Any CPU.ActiveCfg = Release|Any CPU
		{831859E8-BB5F-4319-9954-0F9122D9E566}.Release|Any CPU.Build.0 = Release|Any CPU
	EndGlobalSection
	GlobalSection(SolutionProperties) = preSolution
		HideSolutionNode = FALSE
	EndGlobalSection
EndGlobal
